
Microsoft Visual Studio Solution File, Format Version 12.00
# Visual Studio 2012
Project("{159641D6-6404-4A2A-AE62-294DE0FE8301}") = "Proyecto de Integration", "Proyecto de Integration\Proyecto de Integration.dtproj", "{02F9B5BF-19F3-45D2-B815-DF2BC44FCC12}"
EndProject
Global
	GlobalSection(SolutionConfigurationPlatforms) = preSolution
		Development|Default = Development|Default
	EndGlobalSection
	GlobalSection(ProjectConfigurationPlatforms) = postSolution
		{02F9B5BF-19F3-45D2-B815-DF2BC44FCC12}.Development|Default.ActiveCfg = Development
		{02F9B5BF-19F3-45D2-B815-DF2BC44FCC12}.Development|Default.Build.0 = Development
	EndGlobalSection
	GlobalSection(SolutionProperties) = preSolution
		HideSolutionNode = FALSE
	EndGlobalSection
EndGlobal
